// !$*UTF8*$!
{
	archiveVersion = 1;
	classes = {
	};
	objectVersion = 46;
	objects = {

/* Begin PBXBuildFile section */
		FA419A321AD61143006EA906 /* SUStandardVersionComparator.m in Sources */ = {isa = PBXBuildFile; fileRef = FA419A311AD61143006EA906 /* SUStandardVersionComparator.m */; };
		FA46A74D1AD0440F00739C3B /* ABBinding.m in Sources */ = {isa = PBXBuildFile; fileRef = FA46A74B1AD0440F00739C3B /* ABBinding.m */; };
		FA46A7511AD047D400739C3B /* ABResourceThemer.m in Sources */ = {isa = PBXBuildFile; fileRef = FA46A74F1AD047D400739C3B /* ABResourceThemer.m */; };
		FA46A7541AD0480100739C3B /* ABBindingManager.m in Sources */ = {isa = PBXBuildFile; fileRef = FA46A7521AD0480100739C3B /* ABBindingManager.m */; };
		FA46A7571AD050BA00739C3B /* ABResourceRouter.m in Sources */ = {isa = PBXBuildFile; fileRef = FA46A7551AD050BA00739C3B /* ABResourceRouter.m */; };
		FADA6B701ADC33A40099E1D3 /* main.m in Sources */ = {isa = PBXBuildFile; fileRef = FADA6B6F1ADC33A40099E1D3 /* main.m */; };
		FADA6B7B1ADC45220099E1D3 /* main.m in Sources */ = {isa = PBXBuildFile; fileRef = FADA6B7A1ADC45220099E1D3 /* main.m */; };
		FADA6B861ADC452C0099E1D3 /* main.m in Sources */ = {isa = PBXBuildFile; fileRef = FADA6B851ADC452C0099E1D3 /* main.m */; };
		FADA6B8B1ADC45480099E1D3 /* Applicator in Copy Tools */ = {isa = PBXBuildFile; fileRef = FADA6B6D1ADC33A40099E1D3 /* Applicator */; settings = {ATTRIBUTES = (CodeSignOnCopy, ); }; };
		FADA6B8C1ADC454B0099E1D3 /* uti in Copy Tools */ = {isa = PBXBuildFile; fileRef = FADA6B781ADC45220099E1D3 /* uti */; settings = {ATTRIBUTES = (CodeSignOnCopy, ); }; };
		FADA6B8D1ADC454E0099E1D3 /* bndl in Copy Tools */ = {isa = PBXBuildFile; fileRef = FADA6B831ADC452C0099E1D3 /* bndl */; settings = {ATTRIBUTES = (CodeSignOnCopy, ); }; };
		FAE4FABF1ACC885D003283C5 /* Opee.framework in Frameworks */ = {isa = PBXBuildFile; fileRef = FAE4FABE1ACC885D003283C5 /* Opee.framework */; };
		FAE4FAC11ACC886D003283C5 /* AutumnBoard.m in Sources */ = {isa = PBXBuildFile; fileRef = FAE4FAC01ACC886D003283C5 /* AutumnBoard.m */; };
		FAE4FAC51ACC8BD5003283C5 /* IconServices.framework in Frameworks */ = {isa = PBXBuildFile; fileRef = FAE4FAC41ACC8BD5003283C5 /* IconServices.framework */; };
/* End PBXBuildFile section */

/* Begin PBXContainerItemProxy section */
		FADA6B8E1ADC45540099E1D3 /* PBXContainerItemProxy */ = {
			isa = PBXContainerItemProxy;
			containerPortal = FAE4FAAC1ACC87B2003283C5 /* Project object */;
			proxyType = 1;
			remoteGlobalIDString = FADA6B6C1ADC33A40099E1D3;
			remoteInfo = Applicator;
		};
		FADA6B901ADC45560099E1D3 /* PBXContainerItemProxy */ = {
			isa = PBXContainerItemProxy;
			containerPortal = FAE4FAAC1ACC87B2003283C5 /* Project object */;
			proxyType = 1;
			remoteGlobalIDString = FADA6B771ADC45220099E1D3;
			remoteInfo = uti;
		};
		FADA6B921ADC45590099E1D3 /* PBXContainerItemProxy */ = {
			isa = PBXContainerItemProxy;
			containerPortal = FAE4FAAC1ACC87B2003283C5 /* Project object */;
			proxyType = 1;
			remoteGlobalIDString = FADA6B821ADC452C0099E1D3;
			remoteInfo = bndl;
		};
/* End PBXContainerItemProxy section */

/* Begin PBXCopyFilesBuildPhase section */
		FADA6B6B1ADC33A40099E1D3 /* CopyFiles */ = {
			isa = PBXCopyFilesBuildPhase;
			buildActionMask = 2147483647;
			dstPath = /usr/share/man/man1/;
			dstSubfolderSpec = 0;
			files = (
			);
			runOnlyForDeploymentPostprocessing = 1;
		};
		FADA6B761ADC45220099E1D3 /* CopyFiles */ = {
			isa = PBXCopyFilesBuildPhase;
			buildActionMask = 2147483647;
			dstPath = /usr/share/man/man1/;
			dstSubfolderSpec = 0;
			files = (
			);
			runOnlyForDeploymentPostprocessing = 1;
		};
		FADA6B811ADC452C0099E1D3 /* CopyFiles */ = {
			isa = PBXCopyFilesBuildPhase;
			buildActionMask = 2147483647;
			dstPath = /usr/share/man/man1/;
			dstSubfolderSpec = 0;
			files = (
			);
			runOnlyForDeploymentPostprocessing = 1;
		};
		FADA6B8A1ADC45310099E1D3 /* Copy Tools */ = {
			isa = PBXCopyFilesBuildPhase;
			buildActionMask = 2147483647;
			dstPath = Contents/bin;
			dstSubfolderSpec = 1;
			files = (
				FADA6B8D1ADC454E0099E1D3 /* bndl in Copy Tools */,
				FADA6B8C1ADC454B0099E1D3 /* uti in Copy Tools */,
				FADA6B8B1ADC45480099E1D3 /* Applicator in Copy Tools */,
			);
			name = "Copy Tools";
			runOnlyForDeploymentPostprocessing = 0;
		};
/* End PBXCopyFilesBuildPhase section */

/* Begin PBXFileReference section */
		FA419A301AD61143006EA906 /* SUStandardVersionComparator.h */ = {isa = PBXFileReference; fileEncoding = 4; lastKnownFileType = sourcecode.c.h; name = SUStandardVersionComparator.h; path = Sparkle/SUStandardVersionComparator.h; sourceTree = "<group>"; };
		FA419A311AD61143006EA906 /* SUStandardVersionComparator.m */ = {isa = PBXFileReference; fileEncoding = 4; lastKnownFileType = sourcecode.c.objc; name = SUStandardVersionComparator.m; path = Sparkle/SUStandardVersionComparator.m; sourceTree = "<group>"; };
		FA46A74B1AD0440F00739C3B /* ABBinding.m */ = {isa = PBXFileReference; fileEncoding = 4; lastKnownFileType = sourcecode.c.objc; path = ABBinding.m; sourceTree = "<group>"; };
		FA46A74C1AD0440F00739C3B /* ABBinding.h */ = {isa = PBXFileReference; fileEncoding = 4; lastKnownFileType = sourcecode.c.h; path = ABBinding.h; sourceTree = "<group>"; };
		FA46A74E1AD0446000739C3B /* ABLogging.h */ = {isa = PBXFileReference; lastKnownFileType = sourcecode.c.h; path = ABLogging.h; sourceTree = "<group>"; };
		FA46A74F1AD047D400739C3B /* ABResourceThemer.m */ = {isa = PBXFileReference; fileEncoding = 4; lastKnownFileType = sourcecode.c.objc; path = ABResourceThemer.m; sourceTree = "<group>"; };
		FA46A7501AD047D400739C3B /* ABResourceThemer.h */ = {isa = PBXFileReference; fileEncoding = 4; lastKnownFileType = sourcecode.c.h; path = ABResourceThemer.h; sourceTree = "<group>"; };
		FA46A7521AD0480100739C3B /* ABBindingManager.m */ = {isa = PBXFileReference; fileEncoding = 4; lastKnownFileType = sourcecode.c.objc; path = ABBindingManager.m; sourceTree = "<group>"; };
		FA46A7531AD0480100739C3B /* ABBindingManager.h */ = {isa = PBXFileReference; fileEncoding = 4; lastKnownFileType = sourcecode.c.h; path = ABBindingManager.h; sourceTree = "<group>"; };
		FA46A7551AD050BA00739C3B /* ABResourceRouter.m */ = {isa = PBXFileReference; fileEncoding = 4; lastKnownFileType = sourcecode.c.objc; path = ABResourceRouter.m; sourceTree = "<group>"; };
		FA46A7561AD050BA00739C3B /* ABResourceRouter.h */ = {isa = PBXFileReference; fileEncoding = 4; lastKnownFileType = sourcecode.c.h; path = ABResourceRouter.h; sourceTree = "<group>"; };
		FACF42321AD5CC100035E697 /* AutumnBoard.h */ = {isa = PBXFileReference; lastKnownFileType = sourcecode.c.h; path = AutumnBoard.h; sourceTree = "<group>"; };
		FADA6B6D1ADC33A40099E1D3 /* Applicator */ = {isa = PBXFileReference; explicitFileType = "compiled.mach-o.executable"; includeInIndex = 0; path = Applicator; sourceTree = BUILT_PRODUCTS_DIR; };
		FADA6B6F1ADC33A40099E1D3 /* main.m */ = {isa = PBXFileReference; lastKnownFileType = sourcecode.c.objc; path = main.m; sourceTree = "<group>"; };
		FADA6B781ADC45220099E1D3 /* uti */ = {isa = PBXFileReference; explicitFileType = "compiled.mach-o.executable"; includeInIndex = 0; path = uti; sourceTree = BUILT_PRODUCTS_DIR; };
		FADA6B7A1ADC45220099E1D3 /* main.m */ = {isa = PBXFileReference; lastKnownFileType = sourcecode.c.objc; path = main.m; sourceTree = "<group>"; };
		FADA6B831ADC452C0099E1D3 /* bndl */ = {isa = PBXFileReference; explicitFileType = "compiled.mach-o.executable"; includeInIndex = 0; path = bndl; sourceTree = BUILT_PRODUCTS_DIR; };
		FADA6B851ADC452C0099E1D3 /* main.m */ = {isa = PBXFileReference; lastKnownFileType = sourcecode.c.objc; path = main.m; sourceTree = "<group>"; };
		FAE4FAB41ACC87B2003283C5 /* AutumnBoard.bundle */ = {isa = PBXFileReference; explicitFileType = wrapper.cfbundle; includeInIndex = 0; path = AutumnBoard.bundle; sourceTree = BUILT_PRODUCTS_DIR; };
		FAE4FAB81ACC87B2003283C5 /* Info.plist */ = {isa = PBXFileReference; lastKnownFileType = text.plist.xml; path = Info.plist; sourceTree = "<group>"; };
		FAE4FABE1ACC885D003283C5 /* Opee.framework */ = {isa = PBXFileReference; lastKnownFileType = wrapper.framework; name = Opee.framework; path = ../../../../../../Library/Frameworks/Opee.framework; sourceTree = "<group>"; };
		FAE4FAC01ACC886D003283C5 /* AutumnBoard.m */ = {isa = PBXFileReference; fileEncoding = 4; lastKnownFileType = sourcecode.c.objc; path = AutumnBoard.m; sourceTree = "<group>"; };
		FAE4FAC41ACC8BD5003283C5 /* IconServices.framework */ = {isa = PBXFileReference; lastKnownFileType = wrapper.framework; name = IconServices.framework; path = ../../../../../../System/Library/PrivateFrameworks/IconServices.framework; sourceTree = "<group>"; };
/* End PBXFileReference section */

/* Begin PBXFrameworksBuildPhase section */
		FADA6B6A1ADC33A40099E1D3 /* Frameworks */ = {
			isa = PBXFrameworksBuildPhase;
			buildActionMask = 2147483647;
			files = (
			);
			runOnlyForDeploymentPostprocessing = 0;
		};
		FADA6B751ADC45220099E1D3 /* Frameworks */ = {
			isa = PBXFrameworksBuildPhase;
			buildActionMask = 2147483647;
			files = (
			);
			runOnlyForDeploymentPostprocessing = 0;
		};
		FADA6B801ADC452C0099E1D3 /* Frameworks */ = {
			isa = PBXFrameworksBuildPhase;
			buildActionMask = 2147483647;
			files = (
			);
			runOnlyForDeploymentPostprocessing = 0;
		};
		FAE4FAB11ACC87B2003283C5 /* Frameworks */ = {
			isa = PBXFrameworksBuildPhase;
			buildActionMask = 2147483647;
			files = (
				FAE4FAC51ACC8BD5003283C5 /* IconServices.framework in Frameworks */,
				FAE4FABF1ACC885D003283C5 /* Opee.framework in Frameworks */,
			);
			runOnlyForDeploymentPostprocessing = 0;
		};
/* End PBXFrameworksBuildPhase section */

/* Begin PBXGroup section */
		FADA6B6E1ADC33A40099E1D3 /* Applicator */ = {
			isa = PBXGroup;
			children = (
				FADA6B6F1ADC33A40099E1D3 /* main.m */,
			);
			path = Applicator;
			sourceTree = "<group>";
		};
		FADA6B791ADC45220099E1D3 /* uti */ = {
			isa = PBXGroup;
			children = (
				FADA6B7A1ADC45220099E1D3 /* main.m */,
			);
			path = uti;
			sourceTree = "<group>";
		};
		FADA6B841ADC452C0099E1D3 /* bndl */ = {
			isa = PBXGroup;
			children = (
				FADA6B851ADC452C0099E1D3 /* main.m */,
			);
			path = bndl;
			sourceTree = "<group>";
		};
		FAE4FAAB1ACC87B2003283C5 = {
			isa = PBXGroup;
			children = (
				FAE4FAC41ACC8BD5003283C5 /* IconServices.framework */,
				FAE4FABE1ACC885D003283C5 /* Opee.framework */,
				FAE4FAB61ACC87B2003283C5 /* AutumnBoard */,
				FADA6B6E1ADC33A40099E1D3 /* Applicator */,
				FADA6B791ADC45220099E1D3 /* uti */,
				FADA6B841ADC452C0099E1D3 /* bndl */,
				FAE4FAB51ACC87B2003283C5 /* Products */,
			);
			sourceTree = "<group>";
		};
		FAE4FAB51ACC87B2003283C5 /* Products */ = {
			isa = PBXGroup;
			children = (
				FAE4FAB41ACC87B2003283C5 /* AutumnBoard.bundle */,
				FADA6B6D1ADC33A40099E1D3 /* Applicator */,
				FADA6B781ADC45220099E1D3 /* uti */,
				FADA6B831ADC452C0099E1D3 /* bndl */,
			);
			name = Products;
			sourceTree = "<group>";
		};
		FAE4FAB61ACC87B2003283C5 /* AutumnBoard */ = {
			isa = PBXGroup;
			children = (
				FAE4FAB71ACC87B2003283C5 /* Supporting Files */,
				FA419A301AD61143006EA906 /* SUStandardVersionComparator.h */,
				FA419A311AD61143006EA906 /* SUStandardVersionComparator.m */,
				FACF42321AD5CC100035E697 /* AutumnBoard.h */,
				FAE4FAC01ACC886D003283C5 /* AutumnBoard.m */,
				FA46A74E1AD0446000739C3B /* ABLogging.h */,
				FA46A74C1AD0440F00739C3B /* ABBinding.h */,
				FA46A74B1AD0440F00739C3B /* ABBinding.m */,
				FA46A7531AD0480100739C3B /* ABBindingManager.h */,
				FA46A7521AD0480100739C3B /* ABBindingManager.m */,
				FA46A7501AD047D400739C3B /* ABResourceThemer.h */,
				FA46A74F1AD047D400739C3B /* ABResourceThemer.m */,
				FA46A7561AD050BA00739C3B /* ABResourceRouter.h */,
				FA46A7551AD050BA00739C3B /* ABResourceRouter.m */,
			);
			path = AutumnBoard;
			sourceTree = "<group>";
		};
		FAE4FAB71ACC87B2003283C5 /* Supporting Files */ = {
			isa = PBXGroup;
			children = (
				FAE4FAB81ACC87B2003283C5 /* Info.plist */,
			);
			name = "Supporting Files";
			sourceTree = "<group>";
		};
/* End PBXGroup section */

/* Begin PBXNativeTarget section */
		FADA6B6C1ADC33A40099E1D3 /* Applicator */ = {
			isa = PBXNativeTarget;
			buildConfigurationList = FADA6B731ADC33A40099E1D3 /* Build configuration list for PBXNativeTarget "Applicator" */;
			buildPhases = (
				FADA6B691ADC33A40099E1D3 /* Sources */,
				FADA6B6A1ADC33A40099E1D3 /* Frameworks */,
				FADA6B6B1ADC33A40099E1D3 /* CopyFiles */,
			);
			buildRules = (
			);
			dependencies = (
			);
			name = Applicator;
			productName = Applicator;
			productReference = FADA6B6D1ADC33A40099E1D3 /* Applicator */;
			productType = "com.apple.product-type.tool";
		};
		FADA6B771ADC45220099E1D3 /* uti */ = {
			isa = PBXNativeTarget;
			buildConfigurationList = FADA6B7C1ADC45220099E1D3 /* Build configuration list for PBXNativeTarget "uti" */;
			buildPhases = (
				FADA6B741ADC45220099E1D3 /* Sources */,
				FADA6B751ADC45220099E1D3 /* Frameworks */,
				FADA6B761ADC45220099E1D3 /* CopyFiles */,
			);
			buildRules = (
			);
			dependencies = (
			);
			name = uti;
			productName = uti;
			productReference = FADA6B781ADC45220099E1D3 /* uti */;
			productType = "com.apple.product-type.tool";
		};
		FADA6B821ADC452C0099E1D3 /* bndl */ = {
			isa = PBXNativeTarget;
			buildConfigurationList = FADA6B871ADC452C0099E1D3 /* Build configuration list for PBXNativeTarget "bndl" */;
			buildPhases = (
				FADA6B7F1ADC452C0099E1D3 /* Sources */,
				FADA6B801ADC452C0099E1D3 /* Frameworks */,
				FADA6B811ADC452C0099E1D3 /* CopyFiles */,
			);
			buildRules = (
			);
			dependencies = (
			);
			name = bndl;
			productName = bndl;
			productReference = FADA6B831ADC452C0099E1D3 /* bndl */;
			productType = "com.apple.product-type.tool";
		};
		FAE4FAB31ACC87B2003283C5 /* AutumnBoard */ = {
			isa = PBXNativeTarget;
			buildConfigurationList = FAE4FABB1ACC87B2003283C5 /* Build configuration list for PBXNativeTarget "AutumnBoard" */;
			buildPhases = (
				FAE4FAB01ACC87B2003283C5 /* Sources */,
				FAE4FAB11ACC87B2003283C5 /* Frameworks */,
				FAE4FAB21ACC87B2003283C5 /* Resources */,
				FADA6B8A1ADC45310099E1D3 /* Copy Tools */,
			);
			buildRules = (
			);
			dependencies = (
				FADA6B931ADC45590099E1D3 /* PBXTargetDependency */,
				FADA6B911ADC45560099E1D3 /* PBXTargetDependency */,
				FADA6B8F1ADC45540099E1D3 /* PBXTargetDependency */,
			);
			name = AutumnBoard;
			productName = AutumnBoard;
			productReference = FAE4FAB41ACC87B2003283C5 /* AutumnBoard.bundle */;
			productType = "com.apple.product-type.bundle";
		};
/* End PBXNativeTarget section */

/* Begin PBXProject section */
		FAE4FAAC1ACC87B2003283C5 /* Project object */ = {
			isa = PBXProject;
			attributes = {
				LastUpgradeCheck = 0610;
				ORGANIZATIONNAME = "Alex Zielenski";
				TargetAttributes = {
					FADA6B6C1ADC33A40099E1D3 = {
						CreatedOnToolsVersion = 6.2;
					};
					FADA6B771ADC45220099E1D3 = {
						CreatedOnToolsVersion = 6.2;
					};
					FADA6B821ADC452C0099E1D3 = {
						CreatedOnToolsVersion = 6.2;
					};
					FAE4FAB31ACC87B2003283C5 = {
						CreatedOnToolsVersion = 6.1.1;
					};
				};
			};
			buildConfigurationList = FAE4FAAF1ACC87B2003283C5 /* Build configuration list for PBXProject "AutumnBoard" */;
			compatibilityVersion = "Xcode 3.2";
			developmentRegion = English;
			hasScannedForEncodings = 0;
			knownRegions = (
				en,
			);
			mainGroup = FAE4FAAB1ACC87B2003283C5;
			productRefGroup = FAE4FAB51ACC87B2003283C5 /* Products */;
			projectDirPath = "";
			projectRoot = "";
			targets = (
				FAE4FAB31ACC87B2003283C5 /* AutumnBoard */,
				FADA6B6C1ADC33A40099E1D3 /* Applicator */,
				FADA6B771ADC45220099E1D3 /* uti */,
				FADA6B821ADC452C0099E1D3 /* bndl */,
			);
		};
/* End PBXProject section */

/* Begin PBXResourcesBuildPhase section */
		FAE4FAB21ACC87B2003283C5 /* Resources */ = {
			isa = PBXResourcesBuildPhase;
			buildActionMask = 2147483647;
			files = (
			);
			runOnlyForDeploymentPostprocessing = 0;
		};
/* End PBXResourcesBuildPhase section */

/* Begin PBXSourcesBuildPhase section */
		FADA6B691ADC33A40099E1D3 /* Sources */ = {
			isa = PBXSourcesBuildPhase;
			buildActionMask = 2147483647;
			files = (
				FADA6B701ADC33A40099E1D3 /* main.m in Sources */,
			);
			runOnlyForDeploymentPostprocessing = 0;
		};
		FADA6B741ADC45220099E1D3 /* Sources */ = {
			isa = PBXSourcesBuildPhase;
			buildActionMask = 2147483647;
			files = (
				FADA6B7B1ADC45220099E1D3 /* main.m in Sources */,
			);
			runOnlyForDeploymentPostprocessing = 0;
		};
		FADA6B7F1ADC452C0099E1D3 /* Sources */ = {
			isa = PBXSourcesBuildPhase;
			buildActionMask = 2147483647;
			files = (
				FADA6B861ADC452C0099E1D3 /* main.m in Sources */,
			);
			runOnlyForDeploymentPostprocessing = 0;
		};
		FAE4FAB01ACC87B2003283C5 /* Sources */ = {
			isa = PBXSourcesBuildPhase;
			buildActionMask = 2147483647;
			files = (
				FA46A7541AD0480100739C3B /* ABBindingManager.m in Sources */,
				FA46A7571AD050BA00739C3B /* ABResourceRouter.m in Sources */,
				FA46A7511AD047D400739C3B /* ABResourceThemer.m in Sources */,
				FA419A321AD61143006EA906 /* SUStandardVersionComparator.m in Sources */,
				FA46A74D1AD0440F00739C3B /* ABBinding.m in Sources */,
				FAE4FAC11ACC886D003283C5 /* AutumnBoard.m in Sources */,
			);
			runOnlyForDeploymentPostprocessing = 0;
		};
/* End PBXSourcesBuildPhase section */

/* Begin PBXTargetDependency section */
		FADA6B8F1ADC45540099E1D3 /* PBXTargetDependency */ = {
			isa = PBXTargetDependency;
			target = FADA6B6C1ADC33A40099E1D3 /* Applicator */;
			targetProxy = FADA6B8E1ADC45540099E1D3 /* PBXContainerItemProxy */;
		};
		FADA6B911ADC45560099E1D3 /* PBXTargetDependency */ = {
			isa = PBXTargetDependency;
			target = FADA6B771ADC45220099E1D3 /* uti */;
			targetProxy = FADA6B901ADC45560099E1D3 /* PBXContainerItemProxy */;
		};
		FADA6B931ADC45590099E1D3 /* PBXTargetDependency */ = {
			isa = PBXTargetDependency;
			target = FADA6B821ADC452C0099E1D3 /* bndl */;
			targetProxy = FADA6B921ADC45590099E1D3 /* PBXContainerItemProxy */;
		};
/* End PBXTargetDependency section */

/* Begin XCBuildConfiguration section */
		FADA6B711ADC33A40099E1D3 /* Debug */ = {
			isa = XCBuildConfiguration;
			buildSettings = {
				GCC_PREPROCESSOR_DEFINITIONS = (
					"DEBUG=1",
					"$(inherited)",
				);
				ONLY_ACTIVE_ARCH = YES;
				PRODUCT_NAME = "$(TARGET_NAME)";
			};
			name = Debug;
		};
		FADA6B721ADC33A40099E1D3 /* Release */ = {
			isa = XCBuildConfiguration;
			buildSettings = {
				COPY_PHASE_STRIP = NO;
				PRODUCT_NAME = "$(TARGET_NAME)";
			};
			name = Release;
		};
		FADA6B7D1ADC45220099E1D3 /* Debug */ = {
			isa = XCBuildConfiguration;
			buildSettings = {
				GCC_PREPROCESSOR_DEFINITIONS = (
					"DEBUG=1",
					"$(inherited)",
				);
				ONLY_ACTIVE_ARCH = YES;
				PRODUCT_NAME = "$(TARGET_NAME)";
			};
			name = Debug;
		};
		FADA6B7E1ADC45220099E1D3 /* Release */ = {
			isa = XCBuildConfiguration;
			buildSettings = {
				COPY_PHASE_STRIP = NO;
				PRODUCT_NAME = "$(TARGET_NAME)";
			};
			name = Release;
		};
		FADA6B881ADC452C0099E1D3 /* Debug */ = {
			isa = XCBuildConfiguration;
			buildSettings = {
				GCC_PREPROCESSOR_DEFINITIONS = (
					"DEBUG=1",
					"$(inherited)",
				);
				ONLY_ACTIVE_ARCH = YES;
				PRODUCT_NAME = "$(TARGET_NAME)";
			};
			name = Debug;
		};
		FADA6B891ADC452C0099E1D3 /* Release */ = {
			isa = XCBuildConfiguration;
			buildSettings = {
				COPY_PHASE_STRIP = NO;
				PRODUCT_NAME = "$(TARGET_NAME)";
			};
			name = Release;
		};
		FAE4FAB91ACC87B2003283C5 /* Debug */ = {
			isa = XCBuildConfiguration;
			buildSettings = {
				ALWAYS_SEARCH_USER_PATHS = NO;
				ARCHS = "$(ARCHS_STANDARD)";
				CLANG_CXX_LANGUAGE_STANDARD = "gnu++0x";
				CLANG_CXX_LIBRARY = "libc++";
				CLANG_ENABLE_MODULES = YES;
				CLANG_ENABLE_OBJC_ARC = YES;
				CLANG_WARN_BOOL_CONVERSION = YES;
				CLANG_WARN_CONSTANT_CONVERSION = YES;
				CLANG_WARN_DIRECT_OBJC_ISA_USAGE = YES_ERROR;
				CLANG_WARN_EMPTY_BODY = YES;
				CLANG_WARN_ENUM_CONVERSION = YES;
				CLANG_WARN_INT_CONVERSION = YES;
				CLANG_WARN_OBJC_ROOT_CLASS = YES_ERROR;
				CLANG_WARN_UNREACHABLE_CODE = YES;
				CLANG_WARN__DUPLICATE_METHOD_MATCH = YES;
				COPY_PHASE_STRIP = NO;
				ENABLE_STRICT_OBJC_MSGSEND = YES;
				GCC_C_LANGUAGE_STANDARD = gnu99;
				GCC_DYNAMIC_NO_PIC = NO;
				GCC_OPTIMIZATION_LEVEL = 0;
				GCC_PREPROCESSOR_DEFINITIONS = (
					"DEBUG=1",
					"$(inherited)",
				);
				GCC_SYMBOLS_PRIVATE_EXTERN = NO;
				GCC_WARN_64_TO_32_BIT_CONVERSION = YES;
				GCC_WARN_ABOUT_RETURN_TYPE = YES_ERROR;
				GCC_WARN_UNDECLARED_SELECTOR = YES;
				GCC_WARN_UNINITIALIZED_AUTOS = YES_AGGRESSIVE;
				GCC_WARN_UNUSED_FUNCTION = YES;
				GCC_WARN_UNUSED_VARIABLE = YES;
				MACOSX_DEPLOYMENT_TARGET = 10.10;
				MTL_ENABLE_DEBUG_INFO = YES;
				ONLY_ACTIVE_ARCH = NO;
				SDKROOT = macosx;
			};
			name = Debug;
		};
		FAE4FABA1ACC87B2003283C5 /* Release */ = {
			isa = XCBuildConfiguration;
			buildSettings = {
				ALWAYS_SEARCH_USER_PATHS = NO;
				ARCHS = "$(ARCHS_STANDARD)";
				CLANG_CXX_LANGUAGE_STANDARD = "gnu++0x";
				CLANG_CXX_LIBRARY = "libc++";
				CLANG_ENABLE_MODULES = YES;
				CLANG_ENABLE_OBJC_ARC = YES;
				CLANG_WARN_BOOL_CONVERSION = YES;
				CLANG_WARN_CONSTANT_CONVERSION = YES;
				CLANG_WARN_DIRECT_OBJC_ISA_USAGE = YES_ERROR;
				CLANG_WARN_EMPTY_BODY = YES;
				CLANG_WARN_ENUM_CONVERSION = YES;
				CLANG_WARN_INT_CONVERSION = YES;
				CLANG_WARN_OBJC_ROOT_CLASS = YES_ERROR;
				CLANG_WARN_UNREACHABLE_CODE = YES;
				CLANG_WARN__DUPLICATE_METHOD_MATCH = YES;
				COPY_PHASE_STRIP = YES;
				DEBUG_INFORMATION_FORMAT = "dwarf-with-dsym";
				ENABLE_NS_ASSERTIONS = NO;
				ENABLE_STRICT_OBJC_MSGSEND = YES;
				GCC_C_LANGUAGE_STANDARD = gnu99;
				GCC_WARN_64_TO_32_BIT_CONVERSION = YES;
				GCC_WARN_ABOUT_RETURN_TYPE = YES_ERROR;
				GCC_WARN_UNDECLARED_SELECTOR = YES;
				GCC_WARN_UNINITIALIZED_AUTOS = YES_AGGRESSIVE;
				GCC_WARN_UNUSED_FUNCTION = YES;
				GCC_WARN_UNUSED_VARIABLE = YES;
				MACOSX_DEPLOYMENT_TARGET = 10.10;
				MTL_ENABLE_DEBUG_INFO = NO;
				SDKROOT = macosx;
			};
			name = Release;
		};
		FAE4FABC1ACC87B2003283C5 /* Debug */ = {
			isa = XCBuildConfiguration;
			buildSettings = {
				COMBINE_HIDPI_IMAGES = YES;
				FRAMEWORK_SEARCH_PATHS = (
					"$(inherited)",
					"$(LOCAL_LIBRARY_DIR)/Frameworks",
					"$(SYSTEM_LIBRARY_DIR)/PrivateFrameworks",
				);
				INFOPLIST_FILE = AutumnBoard/Info.plist;
				INSTALL_PATH = "$(LOCAL_LIBRARY_DIR)/Opee/Extensions";
				PRODUCT_NAME = "$(TARGET_NAME)";
				SKIP_INSTALL = YES;
				WRAPPER_EXTENSION = bundle;
			};
			name = Debug;
		};
		FAE4FABD1ACC87B2003283C5 /* Release */ = {
			isa = XCBuildConfiguration;
			buildSettings = {
				COMBINE_HIDPI_IMAGES = YES;
				DEPLOYMENT_LOCATION = YES;
				DSTROOT = /;
				FRAMEWORK_SEARCH_PATHS = (
					"$(inherited)",
					"$(LOCAL_LIBRARY_DIR)/Frameworks",
					"$(SYSTEM_LIBRARY_DIR)/PrivateFrameworks",
				);
				INFOPLIST_FILE = AutumnBoard/Info.plist;
				INSTALL_PATH = "$(LOCAL_LIBRARY_DIR)/Opee/Extensions";
				PRODUCT_NAME = "$(TARGET_NAME)";
				SKIP_INSTALL = NO;
				WRAPPER_EXTENSION = bundle;
			};
			name = Release;
		};
/* End XCBuildConfiguration section */

/* Begin XCConfigurationList section */
		FADA6B731ADC33A40099E1D3 /* Build configuration list for PBXNativeTarget "Applicator" */ = {
			isa = XCConfigurationList;
			buildConfigurations = (
				FADA6B711ADC33A40099E1D3 /* Debug */,
				FADA6B721ADC33A40099E1D3 /* Release */,
			);
			defaultConfigurationIsVisible = 0;
		};
		FADA6B7C1ADC45220099E1D3 /* Build configuration list for PBXNativeTarget "uti" */ = {
			isa = XCConfigurationList;
			buildConfigurations = (
				FADA6B7D1ADC45220099E1D3 /* Debug */,
				FADA6B7E1ADC45220099E1D3 /* Release */,
			);
			defaultConfigurationIsVisible = 0;
		};
		FADA6B871ADC452C0099E1D3 /* Build configuration list for PBXNativeTarget "bndl" */ = {
			isa = XCConfigurationList;
			buildConfigurations = (
				FADA6B881ADC452C0099E1D3 /* Debug */,
				FADA6B891ADC452C0099E1D3 /* Release */,
			);
			defaultConfigurationIsVisible = 0;
		};
		FAE4FAAF1ACC87B2003283C5 /* Build configuration list for PBXProject "AutumnBoard" */ = {
			isa = XCConfigurationList;
			buildConfigurations = (
				FAE4FAB91ACC87B2003283C5 /* Debug */,
				FAE4FABA1ACC87B2003283C5 /* Release */,
			);
			defaultConfigurationIsVisible = 0;
			defaultConfigurationName = Release;
		};
		FAE4FABB1ACC87B2003283C5 /* Build configuration list for PBXNativeTarget "AutumnBoard" */ = {
			isa = XCConfigurationList;
			buildConfigurations = (
				FAE4FABC1ACC87B2003283C5 /* Debug */,
				FAE4FABD1ACC87B2003283C5 /* Release */,
			);
			defaultConfigurationIsVisible = 0;
			defaultConfigurationName = Release;
		};
/* End XCConfigurationList section */
	};
	rootObject = FAE4FAAC1ACC87B2003283C5 /* Project object */;
}
